
Microsoft Visual Studio Solution File, Format Version 12.00
# Visual Studio Version 17
VisualStudioVersion = 17.5.002.0
MinimumVisualStudioVersion = 10.0.40219.1
Project("{2150E333-8FDC-42A3-9474-1A3956D46DE8}") = "1exercises", "1exercises", "{90B64F4C-70DE-4A45-BD5A-C925DFD5EF07}"
EndProject
Project("{9A19103F-16F7-4668-BE54-9A1E7A4F7556}") = "program0", "1exercises\program0\program0.csproj", "{BC839E23-D97E-48CC-B2B9-C31207E8E4C3}"
EndProject
Project("{9A19103F-16F7-4668-BE54-9A1E7A4F7556}") = "program1", "1exercises\program1\program1.csproj", "{B58AEA8C-7F20-4E64-840A-6BB32DAE530D}"
EndProject
Project("{9A19103F-16F7-4668-BE54-9A1E7A4F7556}") = "program2", "1exercises\program2\program2.csproj", "{DC3AE11D-07C0-4BDE-BE87-C13FB52AED5D}"
EndProject
Project("{9A19103F-16F7-4668-BE54-9A1E7A4F7556}") = "program3", "1exercises\program3\program3.csproj", "{C1EB8ED1-7B39-4461-BCD3-4375DC875B42}"
EndProject
Project("{9A19103F-16F7-4668-BE54-9A1E7A4F7556}") = "program4", "1exercises\program4\program4.csproj", "{D0F6DC49-49C4-4675-8DA9-0A5602D3FDDE}"
EndProject
Project("{9A19103F-16F7-4668-BE54-9A1E7A4F7556}") = "program5", "1exercises\program5\program5.csproj", "{6DB65082-BD59-4257-B543-E69084414B7F}"
EndProject
Project("{9A19103F-16F7-4668-BE54-9A1E7A4F7556}") = "program6", "1exercises\program6\program6.csproj", "{1F6A65CC-A61B-44ED-831D-9B22C53FE1D4}"
EndProject
Project("{2150E333-8FDC-42A3-9474-1A3956D46DE8}") = "2exercises", "2exercises", "{CCA1FFAC-BDED-4C77-9FA0-1E21E9820D59}"
EndProject
Project("{9A19103F-16F7-4668-BE54-9A1E7A4F7556}") = "program10", "2exercises\program10\program10.csproj", "{D725CAAB-7F5E-492D-A1E0-8A6A812F8CDC}"
EndProject
Project("{9A19103F-16F7-4668-BE54-9A1E7A4F7556}") = "program11", "2exercises\program11\program11.csproj", "{DC6F32C0-1DD2-458F-8AA7-6EFFA6EC03EE}"
EndProject
Project("{9A19103F-16F7-4668-BE54-9A1E7A4F7556}") = "program12", "2exercises\program12\program12.csproj", "{551DD00B-597D-4BF1-9C67-ADAD44B58448}"
EndProject
Project("{9A19103F-16F7-4668-BE54-9A1E7A4F7556}") = "program13", "2exercises\program13\program13.csproj", "{F1CEB291-1C52-410A-8C05-F4BA0384CEFC}"
EndProject
Project("{9A19103F-16F7-4668-BE54-9A1E7A4F7556}") = "program14", "2exercises\program14\program14.csproj", "{206F1410-7925-4537-BF03-81C283B213ED}"
EndProject
Project("{9A19103F-16F7-4668-BE54-9A1E7A4F7556}") = "program8", "2exercises\program8\program8.csproj", "{AE057590-9C42-4699-B116-773FD65F29B0}"
EndProject
Project("{9A19103F-16F7-4668-BE54-9A1E7A4F7556}") = "program9", "2exercises\program9\program9.csproj", "{68E2AD95-67E8-4144-908C-80ABB818A289}"
EndProject
Project("{2150E333-8FDC-42A3-9474-1A3956D46DE8}") = "3exercises", "3exercises", "{DB5161A9-DF3A-4D7D-88AC-B33F332301AC}"
EndProject
Project("{9A19103F-16F7-4668-BE54-9A1E7A4F7556}") = "check", "3exercises\check\check.csproj", "{3549498F-CAFC-41B9-8ACE-8B5A2BC2D65D}"
EndProject
Project("{9A19103F-16F7-4668-BE54-9A1E7A4F7556}") = "program1", "3exercises\program1\program1.csproj", "{F1EC67AD-9A39-4F46-B945-30B69F6F52E6}"
EndProject
Project("{9A19103F-16F7-4668-BE54-9A1E7A4F7556}") = "program2", "3exercises\program2\program2.csproj", "{DB1D3691-1665-4909-871D-767C634168C3}"
EndProject
Project("{9A19103F-16F7-4668-BE54-9A1E7A4F7556}") = "program3", "3exercises\program3\program3.csproj", "{230F45B2-ECA1-47CF-96A9-3B69753EBEAD}"
EndProject
Project("{9A19103F-16F7-4668-BE54-9A1E7A4F7556}") = "program4", "3exercises\program4\program4.csproj", "{9A89ED8B-8E73-4A0B-98F0-419857DC1E67}"
EndProject
Project("{9A19103F-16F7-4668-BE54-9A1E7A4F7556}") = "program5", "3exercises\program5\program5.csproj", "{DB4AD998-B251-4B10-B9A5-FA88FD5A5421}"
EndProject
Project("{2150E333-8FDC-42A3-9474-1A3956D46DE8}") = "4exercises", "4exercises", "{F8540D0C-0861-48EE-B2A1-3D1E53F75C91}"
EndProject
Project("{9A19103F-16F7-4668-BE54-9A1E7A4F7556}") = "program1", "4exercises\program1\program1.csproj", "{CCA7BF53-340B-4AA7-AB4F-EA5376BC8D61}"
EndProject
Project("{2150E333-8FDC-42A3-9474-1A3956D46DE8}") = "leetcode150", "leetcode150", "{E16EC8C1-251D-434F-9696-313E9280191A}"
EndProject
Project("{9A19103F-16F7-4668-BE54-9A1E7A4F7556}") = "135candy", "leetcode150\135candy\135candy.csproj", "{79F73685-6DA9-4949-8A46-E5C594ECA70A}"
EndProject
Project("{9A19103F-16F7-4668-BE54-9A1E7A4F7556}") = "169majorityelement", "leetcode150\169majorityelement\169majorityelement.csproj", "{EBE8DC90-7D48-49D6-98A8-90C7E9261FF6}"
EndProject
Project("{9A19103F-16F7-4668-BE54-9A1E7A4F7556}") = "27removelement", "leetcode150\27removelement\27removelement.csproj", "{287046C2-F732-4919-B10D-3199D4DBB52E}"
EndProject
Project("{2150E333-8FDC-42A3-9474-1A3956D46DE8}") = "practice", "practice", "{07C87388-E786-48D1-8935-207CFC139D77}"
EndProject
Project("{9A19103F-16F7-4668-BE54-9A1E7A4F7556}") = "exercise7", "practice\areaofcircle\exercise7.csproj", "{FCEB7B9F-6B1E-4E17-97BB-DA89F2E734EB}"
EndProject
Project("{9A19103F-16F7-4668-BE54-9A1E7A4F7556}") = "exercise1", "practice\exercise1\exercise1.csproj", "{C4A3645B-E79F-42DA-8C07-ACCFFA00C2CF}"
EndProject
Project("{9A19103F-16F7-4668-BE54-9A1E7A4F7556}") = "exercise2", "practice\exercise2\exercise2.csproj", "{1DF834F5-74BF-4AB5-AC64-C8BDF2522759}"
EndProject
Project("{9A19103F-16F7-4668-BE54-9A1E7A4F7556}") = "exercise3", "practice\exercise3\exercise3.csproj", "{AB2F463B-7233-498F-AF20-40654244F577}"
EndProject
Project("{9A19103F-16F7-4668-BE54-9A1E7A4F7556}") = "exercise4", "practice\exercise4\exercise4.csproj", "{C79528D4-F8CC-467C-BA1A-79129A6CA867}"
EndProject
Project("{9A19103F-16F7-4668-BE54-9A1E7A4F7556}") = "exercise5", "practice\exercise5\exercise5.csproj", "{58410D74-E2F6-46AF-88C5-4B4661803A4F}"
EndProject
Project("{9A19103F-16F7-4668-BE54-9A1E7A4F7556}") = "exercise6", "practice\exercise6\exercise6.csproj", "{B1AE50A3-6FD2-4D31-8DB6-57083C5C752F}"
EndProject
Project("{9A19103F-16F7-4668-BE54-9A1E7A4F7556}") = "findmaximum", "practice\findmaximum\findmaximum.csproj", "{137A7453-8D08-448D-87B0-8CA76D0B7491}"
EndProject
Project("{9A19103F-16F7-4668-BE54-9A1E7A4F7556}") = "stringreverser", "practice\stringreverser\stringreverser.csproj", "{D0D4D00F-C019-4C21-A2D0-ECAD60DDAB01}"
EndProject
Project("{9A19103F-16F7-4668-BE54-9A1E7A4F7556}") = "sumofarray", "practice\sumofarray\sumofarray.csproj", "{38E8E6E7-B690-481E-8D05-33B702C44821}"
EndProject
Global
	GlobalSection(SolutionConfigurationPlatforms) = preSolution
		Debug|Any CPU = Debug|Any CPU
		Release|Any CPU = Release|Any CPU
	EndGlobalSection
	GlobalSection(ProjectConfigurationPlatforms) = postSolution
		{BC839E23-D97E-48CC-B2B9-C31207E8E4C3}.Debug|Any CPU.ActiveCfg = Debug|Any CPU
		{BC839E23-D97E-48CC-B2B9-C31207E8E4C3}.Debug|Any CPU.Build.0 = Debug|Any CPU
		{BC839E23-D97E-48CC-B2B9-C31207E8E4C3}.Release|Any CPU.ActiveCfg = Release|Any CPU
		{BC839E23-D97E-48CC-B2B9-C31207E8E4C3}.Release|Any CPU.Build.0 = Release|Any CPU
		{B58AEA8C-7F20-4E64-840A-6BB32DAE530D}.Debug|Any CPU.ActiveCfg = Debug|Any CPU
		{B58AEA8C-7F20-4E64-840A-6BB32DAE530D}.Debug|Any CPU.Build.0 = Debug|Any CPU
		{B58AEA8C-7F20-4E64-840A-6BB32DAE530D}.Release|Any CPU.ActiveCfg = Release|Any CPU
		{B58AEA8C-7F20-4E64-840A-6BB32DAE530D}.Release|Any CPU.Build.0 = Release|Any CPU
		{DC3AE11D-07C0-4BDE-BE87-C13FB52AED5D}.Debug|Any CPU.ActiveCfg = Debug|Any CPU
		{DC3AE11D-07C0-4BDE-BE87-C13FB52AED5D}.Debug|Any CPU.Build.0 = Debug|Any CPU
		{DC3AE11D-07C0-4BDE-BE87-C13FB52AED5D}.Release|Any CPU.ActiveCfg = Release|Any CPU
		{DC3AE11D-07C0-4BDE-BE87-C13FB52AED5D}.Release|Any CPU.Build.0 = Release|Any CPU
		{C1EB8ED1-7B39-4461-BCD3-4375DC875B42}.Debug|Any CPU.ActiveCfg = Debug|Any CPU
		{C1EB8ED1-7B39-4461-BCD3-4375DC875B42}.Debug|Any CPU.Build.0 = Debug|Any CPU
		{C1EB8ED1-7B39-4461-BCD3-4375DC875B42}.Release|Any CPU.ActiveCfg = Release|Any CPU
		{C1EB8ED1-7B39-4461-BCD3-4375DC875B42}.Release|Any CPU.Build.0 = Release|Any CPU
		{D0F6DC49-49C4-4675-8DA9-0A5602D3FDDE}.Debug|Any CPU.ActiveCfg = Debug|Any CPU
		{D0F6DC49-49C4-4675-8DA9-0A5602D3FDDE}.Debug|Any CPU.Build.0 = Debug|Any CPU
		{D0F6DC49-49C4-4675-8DA9-0A5602D3FDDE}.Release|Any CPU.ActiveCfg = Release|Any CPU
		{D0F6DC49-49C4-4675-8DA9-0A5602D3FDDE}.Release|Any CPU.Build.0 = Release|Any CPU
		{6DB65082-BD59-4257-B543-E69084414B7F}.Debug|Any CPU.ActiveCfg = Debug|Any CPU
		{6DB65082-BD59-4257-B543-E69084414B7F}.Debug|Any CPU.Build.0 = Debug|Any CPU
		{6DB65082-BD59-4257-B543-E69084414B7F}.Release|Any CPU.ActiveCfg = Release|Any CPU
		{6DB65082-BD59-4257-B543-E69084414B7F}.Release|Any CPU.Build.0 = Release|Any CPU
		{1F6A65CC-A61B-44ED-831D-9B22C53FE1D4}.Debug|Any CPU.ActiveCfg = Debug|Any CPU
		{1F6A65CC-A61B-44ED-831D-9B22C53FE1D4}.Debug|Any CPU.Build.0 = Debug|Any CPU
		{1F6A65CC-A61B-44ED-831D-9B22C53FE1D4}.Release|Any CPU.ActiveCfg = Release|Any CPU
		{1F6A65CC-A61B-44ED-831D-9B22C53FE1D4}.Release|Any CPU.Build.0 = Release|Any CPU
		{D725CAAB-7F5E-492D-A1E0-8A6A812F8CDC}.Debug|Any CPU.ActiveCfg = Debug|Any CPU
		{D725CAAB-7F5E-492D-A1E0-8A6A812F8CDC}.Debug|Any CPU.Build.0 = Debug|Any CPU
		{D725CAAB-7F5E-492D-A1E0-8A6A812F8CDC}.Release|Any CPU.ActiveCfg = Release|Any CPU
		{D725CAAB-7F5E-492D-A1E0-8A6A812F8CDC}.Release|Any CPU.Build.0 = Release|Any CPU
		{DC6F32C0-1DD2-458F-8AA7-6EFFA6EC03EE}.Debug|Any CPU.ActiveCfg = Debug|Any CPU
		{DC6F32C0-1DD2-458F-8AA7-6EFFA6EC03EE}.Debug|Any CPU.Build.0 = Debug|Any CPU
		{DC6F32C0-1DD2-458F-8AA7-6EFFA6EC03EE}.Release|Any CPU.ActiveCfg = Release|Any CPU
		{DC6F32C0-1DD2-458F-8AA7-6EFFA6EC03EE}.Release|Any CPU.Build.0 = Release|Any CPU
		{551DD00B-597D-4BF1-9C67-ADAD44B58448}.Debug|Any CPU.ActiveCfg = Debug|Any CPU
		{551DD00B-597D-4BF1-9C67-ADAD44B58448}.Debug|Any CPU.Build.0 = Debug|Any CPU
		{551DD00B-597D-4BF1-9C67-ADAD44B58448}.Release|Any CPU.ActiveCfg = Release|Any CPU
		{551DD00B-597D-4BF1-9C67-ADAD44B58448}.Release|Any CPU.Build.0 = Release|Any CPU
		{F1CEB291-1C52-410A-8C05-F4BA0384CEFC}.Debug|Any CPU.ActiveCfg = Debug|Any CPU
		{F1CEB291-1C52-410A-8C05-F4BA0384CEFC}.Debug|Any CPU.Build.0 = Debug|Any CPU
		{F1CEB291-1C52-410A-8C05-F4BA0384CEFC}.Release|Any CPU.ActiveCfg = Release|Any CPU
		{F1CEB291-1C52-410A-8C05-F4BA0384CEFC}.Release|Any CPU.Build.0 = Release|Any CPU
		{206F1410-7925-4537-BF03-81C283B213ED}.Debug|Any CPU.ActiveCfg = Debug|Any CPU
		{206F1410-7925-4537-BF03-81C283B213ED}.Debug|Any CPU.Build.0 = Debug|Any CPU
		{206F1410-7925-4537-BF03-81C283B213ED}.Release|Any CPU.ActiveCfg = Release|Any CPU
		{206F1410-7925-4537-BF03-81C283B213ED}.Release|Any CPU.Build.0 = Release|Any CPU
		{AE057590-9C42-4699-B116-773FD65F29B0}.Debug|Any CPU.ActiveCfg = Debug|Any CPU
		{AE057590-9C42-4699-B116-773FD65F29B0}.Debug|Any CPU.Build.0 = Debug|Any CPU
		{AE057590-9C42-4699-B116-773FD65F29B0}.Release|Any CPU.ActiveCfg = Release|Any CPU
		{AE057590-9C42-4699-B116-773FD65F29B0}.Release|Any CPU.Build.0 = Release|Any CPU
		{68E2AD95-67E8-4144-908C-80ABB818A289}.Debug|Any CPU.ActiveCfg = Debug|Any CPU
		{68E2AD95-67E8-4144-908C-80ABB818A289}.Debug|Any CPU.Build.0 = Debug|Any CPU
		{68E2AD95-67E8-4144-908C-80ABB818A289}.Release|Any CPU.ActiveCfg = Release|Any CPU
		{68E2AD95-67E8-4144-908C-80ABB818A289}.Release|Any CPU.Build.0 = Release|Any CPU
		{3549498F-CAFC-41B9-8ACE-8B5A2BC2D65D}.Debug|Any CPU.ActiveCfg = Debug|Any CPU
		{3549498F-CAFC-41B9-8ACE-8B5A2BC2D65D}.Debug|Any CPU.Build.0 = Debug|Any CPU
		{3549498F-CAFC-41B9-8ACE-8B5A2BC2D65D}.Release|Any CPU.ActiveCfg = Release|Any CPU
		{3549498F-CAFC-41B9-8ACE-8B5A2BC2D65D}.Release|Any CPU.Build.0 = Release|Any CPU
		{F1EC67AD-9A39-4F46-B945-30B69F6F52E6}.Debug|Any CPU.ActiveCfg = Debug|Any CPU
		{F1EC67AD-9A39-4F46-B945-30B69F6F52E6}.Debug|Any CPU.Build.0 = Debug|Any CPU
		{F1EC67AD-9A39-4F46-B945-30B69F6F52E6}.Release|Any CPU.ActiveCfg = Release|Any CPU
		{F1EC67AD-9A39-4F46-B945-30B69F6F52E6}.Release|Any CPU.Build.0 = Release|Any CPU
		{DB1D3691-1665-4909-871D-767C634168C3}.Debug|Any CPU.ActiveCfg = Debug|Any CPU
		{DB1D3691-1665-4909-871D-767C634168C3}.Debug|Any CPU.Build.0 = Debug|Any CPU
		{DB1D3691-1665-4909-871D-767C634168C3}.Release|Any CPU.ActiveCfg = Release|Any CPU
		{DB1D3691-1665-4909-871D-767C634168C3}.Release|Any CPU.Build.0 = Release|Any CPU
		{230F45B2-ECA1-47CF-96A9-3B69753EBEAD}.Debug|Any CPU.ActiveCfg = Debug|Any CPU
		{230F45B2-ECA1-47CF-96A9-3B69753EBEAD}.Debug|Any CPU.Build.0 = Debug|Any CPU
		{230F45B2-ECA1-47CF-96A9-3B69753EBEAD}.Release|Any CPU.ActiveCfg = Release|Any CPU
		{230F45B2-ECA1-47CF-96A9-3B69753EBEAD}.Release|Any CPU.Build.0 = Release|Any CPU
		{9A89ED8B-8E73-4A0B-98F0-419857DC1E67}.Debug|Any CPU.ActiveCfg = Debug|Any CPU
		{9A89ED8B-8E73-4A0B-98F0-419857DC1E67}.Debug|Any CPU.Build.0 = Debug|Any CPU
		{9A89ED8B-8E73-4A0B-98F0-419857DC1E67}.Release|Any CPU.ActiveCfg = Release|Any CPU
		{9A89ED8B-8E73-4A0B-98F0-419857DC1E67}.Release|Any CPU.Build.0 = Release|Any CPU
		{DB4AD998-B251-4B10-B9A5-FA88FD5A5421}.Debug|Any CPU.ActiveCfg = Debug|Any CPU
		{DB4AD998-B251-4B10-B9A5-FA88FD5A5421}.Debug|Any CPU.Build.0 = Debug|Any CPU
		{DB4AD998-B251-4B10-B9A5-FA88FD5A5421}.Release|Any CPU.ActiveCfg = Release|Any CPU
		{DB4AD998-B251-4B10-B9A5-FA88FD5A5421}.Release|Any CPU.Build.0 = Release|Any CPU
		{CCA7BF53-340B-4AA7-AB4F-EA5376BC8D61}.Debug|Any CPU.ActiveCfg = Debug|Any CPU
		{CCA7BF53-340B-4AA7-AB4F-EA5376BC8D61}.Debug|Any CPU.Build.0 = Debug|Any CPU
		{CCA7BF53-340B-4AA7-AB4F-EA5376BC8D61}.Release|Any CPU.ActiveCfg = Release|Any CPU
		{CCA7BF53-340B-4AA7-AB4F-EA5376BC8D61}.Release|Any CPU.Build.0 = Release|Any CPU
		{79F73685-6DA9-4949-8A46-E5C594ECA70A}.Debug|Any CPU.ActiveCfg = Debug|Any CPU
		{79F73685-6DA9-4949-8A46-E5C594ECA70A}.Debug|Any CPU.Build.0 = Debug|Any CPU
		{79F73685-6DA9-4949-8A46-E5C594ECA70A}.Release|Any CPU.ActiveCfg = Release|Any CPU
		{79F73685-6DA9-4949-8A46-E5C594ECA70A}.Release|Any CPU.Build.0 = Release|Any CPU
		{EBE8DC90-7D48-49D6-98A8-90C7E9261FF6}.Debug|Any CPU.ActiveCfg = Debug|Any CPU
		{EBE8DC90-7D48-49D6-98A8-90C7E9261FF6}.Debug|Any CPU.Build.0 = Debug|Any CPU
		{EBE8DC90-7D48-49D6-98A8-90C7E9261FF6}.Release|Any CPU.ActiveCfg = Release|Any CPU
		{EBE8DC90-7D48-49D6-98A8-90C7E9261FF6}.Release|Any CPU.Build.0 = Release|Any CPU
		{287046C2-F732-4919-B10D-3199D4DBB52E}.Debug|Any CPU.ActiveCfg = Debug|Any CPU
		{287046C2-F732-4919-B10D-3199D4DBB52E}.Debug|Any CPU.Build.0 = Debug|Any CPU
		{287046C2-F732-4919-B10D-3199D4DBB52E}.Release|Any CPU.ActiveCfg = Release|Any CPU
		{287046C2-F732-4919-B10D-3199D4DBB52E}.Release|Any CPU.Build.0 = Release|Any CPU
		{FCEB7B9F-6B1E-4E17-97BB-DA89F2E734EB}.Debug|Any CPU.ActiveCfg = Debug|Any CPU
		{FCEB7B9F-6B1E-4E17-97BB-DA89F2E734EB}.Debug|Any CPU.Build.0 = Debug|Any CPU
		{FCEB7B9F-6B1E-4E17-97BB-DA89F2E734EB}.Release|Any CPU.ActiveCfg = Release|Any CPU
		{FCEB7B9F-6B1E-4E17-97BB-DA89F2E734EB}.Release|Any CPU.Build.0 = Release|Any CPU
		{C4A3645B-E79F-42DA-8C07-ACCFFA00C2CF}.Debug|Any CPU.ActiveCfg = Debug|Any CPU
		{C4A3645B-E79F-42DA-8C07-ACCFFA00C2CF}.Debug|Any CPU.Build.0 = Debug|Any CPU
		{C4A3645B-E79F-42DA-8C07-ACCFFA00C2CF}.Release|Any CPU.ActiveCfg = Release|Any CPU
		{C4A3645B-E79F-42DA-8C07-ACCFFA00C2CF}.Release|Any CPU.Build.0 = Release|Any CPU
		{1DF834F5-74BF-4AB5-AC64-C8BDF2522759}.Debug|Any CPU.ActiveCfg = Debug|Any CPU
		{1DF834F5-74BF-4AB5-AC64-C8BDF2522759}.Debug|Any CPU.Build.0 = Debug|Any CPU
		{1DF834F5-74BF-4AB5-AC64-C8BDF2522759}.Release|Any CPU.ActiveCfg = Release|Any CPU
		{1DF834F5-74BF-4AB5-AC64-C8BDF2522759}.Release|Any CPU.Build.0 = Release|Any CPU
		{AB2F463B-7233-498F-AF20-40654244F577}.Debug|Any CPU.ActiveCfg = Debug|Any CPU
		{AB2F463B-7233-498F-AF20-40654244F577}.Debug|Any CPU.Build.0 = Debug|Any CPU
		{AB2F463B-7233-498F-AF20-40654244F577}.Release|Any CPU.ActiveCfg = Release|Any CPU
		{AB2F463B-7233-498F-AF20-40654244F577}.Release|Any CPU.Build.0 = Release|Any CPU
		{C79528D4-F8CC-467C-BA1A-79129A6CA867}.Debug|Any CPU.ActiveCfg = Debug|Any CPU
		{C79528D4-F8CC-467C-BA1A-79129A6CA867}.Debug|Any CPU.Build.0 = Debug|Any CPU
		{C79528D4-F8CC-467C-BA1A-79129A6CA867}.Release|Any CPU.ActiveCfg = Release|Any CPU
		{C79528D4-F8CC-467C-BA1A-79129A6CA867}.Release|Any CPU.Build.0 = Release|Any CPU
		{58410D74-E2F6-46AF-88C5-4B4661803A4F}.Debug|Any CPU.ActiveCfg = Debug|Any CPU
		{58410D74-E2F6-46AF-88C5-4B4661803A4F}.Debug|Any CPU.Build.0 = Debug|Any CPU
		{58410D74-E2F6-46AF-88C5-4B4661803A4F}.Release|Any CPU.ActiveCfg = Release|Any CPU
		{58410D74-E2F6-46AF-88C5-4B4661803A4F}.Release|Any CPU.Build.0 = Release|Any CPU
		{B1AE50A3-6FD2-4D31-8DB6-57083C5C752F}.Debug|Any CPU.ActiveCfg = Debug|Any CPU
		{B1AE50A3-6FD2-4D31-8DB6-57083C5C752F}.Debug|Any CPU.Build.0 = Debug|Any CPU
		{B1AE50A3-6FD2-4D31-8DB6-57083C5C752F}.Release|Any CPU.ActiveCfg = Release|Any CPU
		{B1AE50A3-6FD2-4D31-8DB6-57083C5C752F}.Release|Any CPU.Build.0 = Release|Any CPU
		{137A7453-8D08-448D-87B0-8CA76D0B7491}.Debug|Any CPU.ActiveCfg = Debug|Any CPU
		{137A7453-8D08-448D-87B0-8CA76D0B7491}.Debug|Any CPU.Build.0 = Debug|Any CPU
		{137A7453-8D08-448D-87B0-8CA76D0B7491}.Release|Any CPU.ActiveCfg = Release|Any CPU
		{137A7453-8D08-448D-87B0-8CA76D0B7491}.Release|Any CPU.Build.0 = Release|Any CPU
		{D0D4D00F-C019-4C21-A2D0-ECAD60DDAB01}.Debug|Any CPU.ActiveCfg = Debug|Any CPU
		{D0D4D00F-C019-4C21-A2D0-ECAD60DDAB01}.Debug|Any CPU.Build.0 = Debug|Any CPU
		{D0D4D00F-C019-4C21-A2D0-ECAD60DDAB01}.Release|Any CPU.ActiveCfg = Release|Any CPU
		{D0D4D00F-C019-4C21-A2D0-ECAD60DDAB01}.Release|Any CPU.Build.0 = Release|Any CPU
		{38E8E6E7-B690-481E-8D05-33B702C44821}.Debug|Any CPU.ActiveCfg = Debug|Any CPU
		{38E8E6E7-B690-481E-8D05-33B702C44821}.Debug|Any CPU.Build.0 = Debug|Any CPU
		{38E8E6E7-B690-481E-8D05-33B702C44821}.Release|Any CPU.ActiveCfg = Release|Any CPU
		{38E8E6E7-B690-481E-8D05-33B702C44821}.Release|Any CPU.Build.0 = Release|Any CPU
	EndGlobalSection
	GlobalSection(SolutionProperties) = preSolution
		HideSolutionNode = FALSE
	EndGlobalSection
	GlobalSection(NestedProjects) = preSolution
		{BC839E23-D97E-48CC-B2B9-C31207E8E4C3} = {90B64F4C-70DE-4A45-BD5A-C925DFD5EF07}
		{B58AEA8C-7F20-4E64-840A-6BB32DAE530D} = {90B64F4C-70DE-4A45-BD5A-C925DFD5EF07}
		{DC3AE11D-07C0-4BDE-BE87-C13FB52AED5D} = {90B64F4C-70DE-4A45-BD5A-C925DFD5EF07}
		{C1EB8ED1-7B39-4461-BCD3-4375DC875B42} = {90B64F4C-70DE-4A45-BD5A-C925DFD5EF07}
		{D0F6DC49-49C4-4675-8DA9-0A5602D3FDDE} = {90B64F4C-70DE-4A45-BD5A-C925DFD5EF07}
		{6DB65082-BD59-4257-B543-E69084414B7F} = {90B64F4C-70DE-4A45-BD5A-C925DFD5EF07}
		{1F6A65CC-A61B-44ED-831D-9B22C53FE1D4} = {90B64F4C-70DE-4A45-BD5A-C925DFD5EF07}
		{D725CAAB-7F5E-492D-A1E0-8A6A812F8CDC} = {CCA1FFAC-BDED-4C77-9FA0-1E21E9820D59}
		{DC6F32C0-1DD2-458F-8AA7-6EFFA6EC03EE} = {CCA1FFAC-BDED-4C77-9FA0-1E21E9820D59}
		{551DD00B-597D-4BF1-9C67-ADAD44B58448} = {CCA1FFAC-BDED-4C77-9FA0-1E21E9820D59}
		{F1CEB291-1C52-410A-8C05-F4BA0384CEFC} = {CCA1FFAC-BDED-4C77-9FA0-1E21E9820D59}
		{206F1410-7925-4537-BF03-81C283B213ED} = {CCA1FFAC-BDED-4C77-9FA0-1E21E9820D59}
		{AE057590-9C42-4699-B116-773FD65F29B0} = {CCA1FFAC-BDED-4C77-9FA0-1E21E9820D59}
		{68E2AD95-67E8-4144-908C-80ABB818A289} = {CCA1FFAC-BDED-4C77-9FA0-1E21E9820D59}
		{3549498F-CAFC-41B9-8ACE-8B5A2BC2D65D} = {DB5161A9-DF3A-4D7D-88AC-B33F332301AC}
		{F1EC67AD-9A39-4F46-B945-30B69F6F52E6} = {DB5161A9-DF3A-4D7D-88AC-B33F332301AC}
		{DB1D3691-1665-4909-871D-767C634168C3} = {DB5161A9-DF3A-4D7D-88AC-B33F332301AC}
		{230F45B2-ECA1-47CF-96A9-3B69753EBEAD} = {DB5161A9-DF3A-4D7D-88AC-B33F332301AC}
		{9A89ED8B-8E73-4A0B-98F0-419857DC1E67} = {DB5161A9-DF3A-4D7D-88AC-B33F332301AC}
		{DB4AD998-B251-4B10-B9A5-FA88FD5A5421} = {DB5161A9-DF3A-4D7D-88AC-B33F332301AC}
		{CCA7BF53-340B-4AA7-AB4F-EA5376BC8D61} = {F8540D0C-0861-48EE-B2A1-3D1E53F75C91}
		{79F73685-6DA9-4949-8A46-E5C594ECA70A} = {E16EC8C1-251D-434F-9696-313E9280191A}
		{EBE8DC90-7D48-49D6-98A8-90C7E9261FF6} = {E16EC8C1-251D-434F-9696-313E9280191A}
		{287046C2-F732-4919-B10D-3199D4DBB52E} = {E16EC8C1-251D-434F-9696-313E9280191A}
		{FCEB7B9F-6B1E-4E17-97BB-DA89F2E734EB} = {07C87388-E786-48D1-8935-207CFC139D77}
		{C4A3645B-E79F-42DA-8C07-ACCFFA00C2CF} = {07C87388-E786-48D1-8935-207CFC139D77}
		{1DF834F5-74BF-4AB5-AC64-C8BDF2522759} = {07C87388-E786-48D1-8935-207CFC139D77}
		{AB2F463B-7233-498F-AF20-40654244F577} = {07C87388-E786-48D1-8935-207CFC139D77}
		{C79528D4-F8CC-467C-BA1A-79129A6CA867} = {07C87388-E786-48D1-8935-207CFC139D77}
		{58410D74-E2F6-46AF-88C5-4B4661803A4F} = {07C87388-E786-48D1-8935-207CFC139D77}
		{B1AE50A3-6FD2-4D31-8DB6-57083C5C752F} = {07C87388-E786-48D1-8935-207CFC139D77}
		{137A7453-8D08-448D-87B0-8CA76D0B7491} = {07C87388-E786-48D1-8935-207CFC139D77}
		{D0D4D00F-C019-4C21-A2D0-ECAD60DDAB01} = {07C87388-E786-48D1-8935-207CFC139D77}
		{38E8E6E7-B690-481E-8D05-33B702C44821} = {07C87388-E786-48D1-8935-207CFC139D77}
	EndGlobalSection
	GlobalSection(ExtensibilityGlobals) = postSolution
		SolutionGuid = {28B9854C-7F56-4E71-866C-5118BF9DBC16}
	EndGlobalSection
EndGlobal
