
Microsoft Visual Studio Solution File, Format Version 12.00
# Visual Studio Version 17
VisualStudioVersion = 17.5.002.0
MinimumVisualStudioVersion = 10.0.40219.1
Project("{2150E333-8FDC-42A3-9474-1A3956D46DE8}") = "extra", "extra", "{8CC36201-4CEA-450A-A5A4-B4D4CDC82E2C}"
EndProject
Project("{9A19103F-16F7-4668-BE54-9A1E7A4F7556}") = "200lines", "extra\200lines\200lines.csproj", "{FBCA3991-D13E-4C63-AD91-19F7EC8B4917}"
EndProject
Project("{9A19103F-16F7-4668-BE54-9A1E7A4F7556}") = "eurtobrl", "extra\eurtobrl\eurtobrl.csproj", "{0ED3E3FD-17EF-421F-9180-83EA225192C8}"
EndProject
Project("{2150E333-8FDC-42A3-9474-1A3956D46DE8}") = "loops", "loops", "{944DD798-E2C5-411C-AC7C-70900B8601C3}"
EndProject
Project("{9A19103F-16F7-4668-BE54-9A1E7A4F7556}") = "program1", "loops\program1\program1.csproj", "{BF69E052-F729-4CD8-9865-027B6FF02697}"
EndProject
Project("{2150E333-8FDC-42A3-9474-1A3956D46DE8}") = "strings", "strings", "{E841C714-0E45-4A46-BBAC-3897C2BC7674}"
EndProject
Project("{9A19103F-16F7-4668-BE54-9A1E7A4F7556}") = "program1", "strings\program1\program1.csproj", "{8DE3D934-0ED6-4F33-8D07-E4ADAF8146F5}"
EndProject
Project("{9A19103F-16F7-4668-BE54-9A1E7A4F7556}") = "program10", "strings\program10\program10.csproj", "{5FB8AF92-189A-4B19-B882-D443F42FAABA}"
EndProject
Project("{9A19103F-16F7-4668-BE54-9A1E7A4F7556}") = "program11", "strings\program11\program11.csproj", "{49BF7F68-9EA7-42A4-A4B9-02649B7B9CFB}"
EndProject
Project("{9A19103F-16F7-4668-BE54-9A1E7A4F7556}") = "program12", "strings\program12\program12.csproj", "{79E434B2-6889-43DE-A4DF-6C4CFD386BCE}"
EndProject
Project("{9A19103F-16F7-4668-BE54-9A1E7A4F7556}") = "program13", "strings\program13\program13.csproj", "{433229AF-87D9-4014-B145-DC739F9DD94D}"
EndProject
Project("{9A19103F-16F7-4668-BE54-9A1E7A4F7556}") = "program14", "strings\program14\program14.csproj", "{2D5C573A-F836-44EA-BE6F-519F7394A9C5}"
EndProject
Project("{9A19103F-16F7-4668-BE54-9A1E7A4F7556}") = "program15", "strings\program15\program15.csproj", "{334A0FDA-B669-4B0C-82D5-848184D6C21A}"
EndProject
Project("{9A19103F-16F7-4668-BE54-9A1E7A4F7556}") = "program16", "strings\program16\program16.csproj", "{325051FF-1156-4948-9AC6-7DA69A12D72F}"
EndProject
Project("{9A19103F-16F7-4668-BE54-9A1E7A4F7556}") = "program17", "strings\program17\program17.csproj", "{35B2FBF6-C92A-417D-B324-3DD2FFD91FE0}"
EndProject
Project("{9A19103F-16F7-4668-BE54-9A1E7A4F7556}") = "program18", "strings\program18\program18.csproj", "{F6675B75-AA1F-477F-BE26-84E6602E5F0C}"
EndProject
Project("{9A19103F-16F7-4668-BE54-9A1E7A4F7556}") = "program19", "strings\program19\program19.csproj", "{B1B099D1-9EB9-4817-ACDA-EEB43275C9BF}"
EndProject
Project("{9A19103F-16F7-4668-BE54-9A1E7A4F7556}") = "program2", "strings\program2\program2.csproj", "{4379CAEE-420C-4017-95C1-3DBC12981622}"
EndProject
Project("{9A19103F-16F7-4668-BE54-9A1E7A4F7556}") = "program20", "strings\program20\program20.csproj", "{1436825A-14E8-43F3-A4F4-DB70EA4BB79A}"
EndProject
Project("{9A19103F-16F7-4668-BE54-9A1E7A4F7556}") = "program21", "strings\program21\program21.csproj", "{1BBC8876-30BB-4108-8AA9-DB680C93331B}"
EndProject
Project("{9A19103F-16F7-4668-BE54-9A1E7A4F7556}") = "program3", "strings\program3\program3.csproj", "{80F3D146-7751-4E48-AA23-1253F97DADA9}"
EndProject
Project("{9A19103F-16F7-4668-BE54-9A1E7A4F7556}") = "program5", "strings\program5\program5.csproj", "{B3838486-C791-436A-9FFE-505271CE7E1C}"
EndProject
Project("{9A19103F-16F7-4668-BE54-9A1E7A4F7556}") = "program6", "strings\program6\program6.csproj", "{F2D37283-1DB2-4837-AAB7-C0C853BF0509}"
EndProject
Project("{9A19103F-16F7-4668-BE54-9A1E7A4F7556}") = "program7", "strings\program7\program7.csproj", "{89255ED0-C939-40BA-B91A-EC05FBC60D52}"
EndProject
Project("{9A19103F-16F7-4668-BE54-9A1E7A4F7556}") = "program8", "strings\program8\program8.csproj", "{976CED71-11EF-438E-AB81-C1C7BF90F70E}"
EndProject
Project("{9A19103F-16F7-4668-BE54-9A1E7A4F7556}") = "program9", "strings\program9\program9.csproj", "{DAA029DD-7A5F-47DF-8967-2CFC638FE43E}"
EndProject
Project("{2150E333-8FDC-42A3-9474-1A3956D46DE8}") = "stringswithmethods", "stringswithmethods", "{F51F0700-4E3C-4489-8DF8-B1AE954E53F3}"
EndProject
Project("{9A19103F-16F7-4668-BE54-9A1E7A4F7556}") = "program1", "stringswithmethods\program1\program1.csproj", "{03C52301-5763-43A6-9124-B2BF3F6460B0}"
EndProject
Project("{9A19103F-16F7-4668-BE54-9A1E7A4F7556}") = "program10", "stringswithmethods\program10\program10.csproj", "{795CC236-F431-4BEA-866D-CF44C42832EB}"
EndProject
Project("{9A19103F-16F7-4668-BE54-9A1E7A4F7556}") = "program11", "stringswithmethods\program11\program11.csproj", "{FA9F6D85-3FEB-4F54-8C55-15EE457D7851}"
EndProject
Project("{9A19103F-16F7-4668-BE54-9A1E7A4F7556}") = "program12", "stringswithmethods\program12\program12.csproj", "{43241BA3-61C3-47B9-899F-630E913A125D}"
EndProject
Project("{9A19103F-16F7-4668-BE54-9A1E7A4F7556}") = "program2", "stringswithmethods\program2\program2.csproj", "{141B5773-096A-4295-82AA-A74BC111E2C2}"
EndProject
Project("{9A19103F-16F7-4668-BE54-9A1E7A4F7556}") = "program3", "stringswithmethods\program3\program3.csproj", "{CD597F15-F458-4E4C-98FE-390488A31211}"
EndProject
Project("{9A19103F-16F7-4668-BE54-9A1E7A4F7556}") = "program4", "stringswithmethods\program4\program4.csproj", "{B057F78D-E5A8-491A-98C9-FB8FEC3EC849}"
EndProject
Project("{9A19103F-16F7-4668-BE54-9A1E7A4F7556}") = "program5", "stringswithmethods\program5\program5.csproj", "{7130D9B4-0E0F-434E-AC9E-0157CA1D0830}"
EndProject
Project("{9A19103F-16F7-4668-BE54-9A1E7A4F7556}") = "program6", "stringswithmethods\program6\program6.csproj", "{81C789F6-7938-4B35-B377-AD17E49559CC}"
EndProject
Project("{9A19103F-16F7-4668-BE54-9A1E7A4F7556}") = "program7", "stringswithmethods\program7\program7.csproj", "{5A5D3ED8-2623-4042-B489-9EBC15E10AD6}"
EndProject
Project("{9A19103F-16F7-4668-BE54-9A1E7A4F7556}") = "program8", "stringswithmethods\program8\program8.csproj", "{8827B256-19C7-49AF-BA55-A17CD1149460}"
EndProject
Project("{9A19103F-16F7-4668-BE54-9A1E7A4F7556}") = "program9", "stringswithmethods\program9\program9.csproj", "{9B037F28-5D91-4EF4-BAFB-F6571A3EB5EA}"
EndProject
Project("{2150E333-8FDC-42A3-9474-1A3956D46DE8}") = "functions", "functions", "{25046309-7B1C-4254-9815-4E63ED8E20AB}"
EndProject
Project("{2150E333-8FDC-42A3-9474-1A3956D46DE8}") = "1exercises", "1exercises", "{663DED54-3BD6-43B8-80EE-30D4ABFB6187}"
EndProject
Project("{9A19103F-16F7-4668-BE54-9A1E7A4F7556}") = "program0", "functions\1exercises\program0\program0.csproj", "{17B57221-DA0F-4685-A037-4FA93585517B}"
EndProject
Project("{9A19103F-16F7-4668-BE54-9A1E7A4F7556}") = "program1", "functions\1exercises\program1\program1.csproj", "{FDA14C96-ED8B-4000-985A-3D3511B62AB5}"
EndProject
Project("{9A19103F-16F7-4668-BE54-9A1E7A4F7556}") = "program2", "functions\1exercises\program2\program2.csproj", "{E13DDCAF-CBA5-4752-B17C-DDA0FCE68491}"
EndProject
Project("{9A19103F-16F7-4668-BE54-9A1E7A4F7556}") = "program3", "functions\1exercises\program3\program3.csproj", "{D9A4AA7C-DC95-4100-9370-BA9E47AA0432}"
EndProject
Project("{9A19103F-16F7-4668-BE54-9A1E7A4F7556}") = "program4", "functions\1exercises\program4\program4.csproj", "{E44DAA89-411E-4807-9AA6-DEA13A9E9A34}"
EndProject
Project("{9A19103F-16F7-4668-BE54-9A1E7A4F7556}") = "program5", "functions\1exercises\program5\program5.csproj", "{621E01E6-DE85-47E4-877A-48457DA1B831}"
EndProject
Project("{9A19103F-16F7-4668-BE54-9A1E7A4F7556}") = "program6", "functions\1exercises\program6\program6.csproj", "{BFD6ABF1-8446-4761-AE09-F4B06D70EB8B}"
EndProject
Project("{2150E333-8FDC-42A3-9474-1A3956D46DE8}") = "2exercises", "2exercises", "{EA8F95E9-C5CC-4BA3-AA8B-42BDC9A14A13}"
EndProject
Project("{9A19103F-16F7-4668-BE54-9A1E7A4F7556}") = "program10", "functions\2exercises\program10\program10.csproj", "{B21674E4-4544-4D26-AA94-782C8400EBDE}"
EndProject
Project("{9A19103F-16F7-4668-BE54-9A1E7A4F7556}") = "program11", "functions\2exercises\program11\program11.csproj", "{566D1B49-7848-47F9-8868-3ED9D2450233}"
EndProject
Project("{9A19103F-16F7-4668-BE54-9A1E7A4F7556}") = "program12", "functions\2exercises\program12\program12.csproj", "{624E7EBB-B830-4B4A-9551-63DD1E68E479}"
EndProject
Project("{9A19103F-16F7-4668-BE54-9A1E7A4F7556}") = "program13", "functions\2exercises\program13\program13.csproj", "{947A38E7-10C0-4D96-9D1E-B2C3076B3C69}"
EndProject
Project("{9A19103F-16F7-4668-BE54-9A1E7A4F7556}") = "program14", "functions\2exercises\program14\program14.csproj", "{BDD5571B-D000-4174-93BA-E7938FBA5E76}"
EndProject
Project("{9A19103F-16F7-4668-BE54-9A1E7A4F7556}") = "program8", "functions\2exercises\program8\program8.csproj", "{5AB826B3-F1CE-4A68-A28B-7971A05317FE}"
EndProject
Project("{9A19103F-16F7-4668-BE54-9A1E7A4F7556}") = "program9", "functions\2exercises\program9\program9.csproj", "{29C429AE-E01B-4B3B-BFA5-6350C00D49DA}"
EndProject
Project("{2150E333-8FDC-42A3-9474-1A3956D46DE8}") = "3exercises", "3exercises", "{84DDED07-429D-474E-986B-565CA1523CE0}"
EndProject
Project("{9A19103F-16F7-4668-BE54-9A1E7A4F7556}") = "check", "functions\3exercises\check\check.csproj", "{0C7F3692-C32B-4007-95FF-AFB078E0110F}"
EndProject
Project("{9A19103F-16F7-4668-BE54-9A1E7A4F7556}") = "program1", "functions\3exercises\program1\program1.csproj", "{7C081568-70C3-46E3-86E6-E3A1FF540FF0}"
EndProject
Project("{9A19103F-16F7-4668-BE54-9A1E7A4F7556}") = "program2", "functions\3exercises\program2\program2.csproj", "{724818B6-332C-47BC-A7A0-71F7A712459F}"
EndProject
Project("{9A19103F-16F7-4668-BE54-9A1E7A4F7556}") = "program3", "functions\3exercises\program3\program3.csproj", "{7910F1DA-6D2E-4CCF-A1CC-81699DCD4737}"
EndProject
Project("{9A19103F-16F7-4668-BE54-9A1E7A4F7556}") = "program4", "functions\3exercises\program4\program4.csproj", "{A302290B-C2F1-41A1-A160-1400FBBBB3AB}"
EndProject
Project("{9A19103F-16F7-4668-BE54-9A1E7A4F7556}") = "program5", "functions\3exercises\program5\program5.csproj", "{8938426D-393C-4B18-A973-DA765F16120E}"
EndProject
Project("{2150E333-8FDC-42A3-9474-1A3956D46DE8}") = "4exercises", "4exercises", "{72F1CD42-4269-4209-9DE3-324085A06D78}"
EndProject
Project("{9A19103F-16F7-4668-BE54-9A1E7A4F7556}") = "program1", "functions\4exercises\program1\program1.csproj", "{97317B2D-0585-4C60-9C32-4F18DF19DBC5}"
EndProject
Project("{2150E333-8FDC-42A3-9474-1A3956D46DE8}") = "practice", "practice", "{1F9DCDFE-DF32-4F84-B776-C3831E95D53F}"
EndProject
Project("{9A19103F-16F7-4668-BE54-9A1E7A4F7556}") = "exercise1", "functions\practice\exercise1\exercise1.csproj", "{529A0049-13AC-4C30-A621-D3708EA3ECC0}"
EndProject
Project("{9A19103F-16F7-4668-BE54-9A1E7A4F7556}") = "exercise2", "functions\practice\exercise2\exercise2.csproj", "{EFB609BF-CAD0-4866-A896-ECEC1B1073E9}"
EndProject
Project("{9A19103F-16F7-4668-BE54-9A1E7A4F7556}") = "exercise3", "functions\practice\exercise3\exercise3.csproj", "{0AAC25F4-7FD6-4937-87BE-B69162AB5704}"
EndProject
Project("{9A19103F-16F7-4668-BE54-9A1E7A4F7556}") = "exercise4", "functions\practice\exercise4\exercise4.csproj", "{4B6D3EE7-0DCC-4BA3-B79F-086723B28E14}"
EndProject
Project("{9A19103F-16F7-4668-BE54-9A1E7A4F7556}") = "exercise5", "functions\practice\exercise5\exercise5.csproj", "{A038AF07-44F1-4452-9362-08174D9EC25B}"
EndProject
Global
	GlobalSection(SolutionConfigurationPlatforms) = preSolution
		Debug|Any CPU = Debug|Any CPU
		Release|Any CPU = Release|Any CPU
	EndGlobalSection
	GlobalSection(ProjectConfigurationPlatforms) = postSolution
		{FBCA3991-D13E-4C63-AD91-19F7EC8B4917}.Debug|Any CPU.ActiveCfg = Debug|Any CPU
		{FBCA3991-D13E-4C63-AD91-19F7EC8B4917}.Debug|Any CPU.Build.0 = Debug|Any CPU
		{FBCA3991-D13E-4C63-AD91-19F7EC8B4917}.Release|Any CPU.ActiveCfg = Release|Any CPU
		{FBCA3991-D13E-4C63-AD91-19F7EC8B4917}.Release|Any CPU.Build.0 = Release|Any CPU
		{0ED3E3FD-17EF-421F-9180-83EA225192C8}.Debug|Any CPU.ActiveCfg = Debug|Any CPU
		{0ED3E3FD-17EF-421F-9180-83EA225192C8}.Debug|Any CPU.Build.0 = Debug|Any CPU
		{0ED3E3FD-17EF-421F-9180-83EA225192C8}.Release|Any CPU.ActiveCfg = Release|Any CPU
		{0ED3E3FD-17EF-421F-9180-83EA225192C8}.Release|Any CPU.Build.0 = Release|Any CPU
		{BF69E052-F729-4CD8-9865-027B6FF02697}.Debug|Any CPU.ActiveCfg = Debug|Any CPU
		{BF69E052-F729-4CD8-9865-027B6FF02697}.Debug|Any CPU.Build.0 = Debug|Any CPU
		{BF69E052-F729-4CD8-9865-027B6FF02697}.Release|Any CPU.ActiveCfg = Release|Any CPU
		{BF69E052-F729-4CD8-9865-027B6FF02697}.Release|Any CPU.Build.0 = Release|Any CPU
		{8DE3D934-0ED6-4F33-8D07-E4ADAF8146F5}.Debug|Any CPU.ActiveCfg = Debug|Any CPU
		{8DE3D934-0ED6-4F33-8D07-E4ADAF8146F5}.Debug|Any CPU.Build.0 = Debug|Any CPU
		{8DE3D934-0ED6-4F33-8D07-E4ADAF8146F5}.Release|Any CPU.ActiveCfg = Release|Any CPU
		{8DE3D934-0ED6-4F33-8D07-E4ADAF8146F5}.Release|Any CPU.Build.0 = Release|Any CPU
		{5FB8AF92-189A-4B19-B882-D443F42FAABA}.Debug|Any CPU.ActiveCfg = Debug|Any CPU
		{5FB8AF92-189A-4B19-B882-D443F42FAABA}.Debug|Any CPU.Build.0 = Debug|Any CPU
		{5FB8AF92-189A-4B19-B882-D443F42FAABA}.Release|Any CPU.ActiveCfg = Release|Any CPU
		{5FB8AF92-189A-4B19-B882-D443F42FAABA}.Release|Any CPU.Build.0 = Release|Any CPU
		{49BF7F68-9EA7-42A4-A4B9-02649B7B9CFB}.Debug|Any CPU.ActiveCfg = Debug|Any CPU
		{49BF7F68-9EA7-42A4-A4B9-02649B7B9CFB}.Debug|Any CPU.Build.0 = Debug|Any CPU
		{49BF7F68-9EA7-42A4-A4B9-02649B7B9CFB}.Release|Any CPU.ActiveCfg = Release|Any CPU
		{49BF7F68-9EA7-42A4-A4B9-02649B7B9CFB}.Release|Any CPU.Build.0 = Release|Any CPU
		{79E434B2-6889-43DE-A4DF-6C4CFD386BCE}.Debug|Any CPU.ActiveCfg = Debug|Any CPU
		{79E434B2-6889-43DE-A4DF-6C4CFD386BCE}.Debug|Any CPU.Build.0 = Debug|Any CPU
		{79E434B2-6889-43DE-A4DF-6C4CFD386BCE}.Release|Any CPU.ActiveCfg = Release|Any CPU
		{79E434B2-6889-43DE-A4DF-6C4CFD386BCE}.Release|Any CPU.Build.0 = Release|Any CPU
		{433229AF-87D9-4014-B145-DC739F9DD94D}.Debug|Any CPU.ActiveCfg = Debug|Any CPU
		{433229AF-87D9-4014-B145-DC739F9DD94D}.Debug|Any CPU.Build.0 = Debug|Any CPU
		{433229AF-87D9-4014-B145-DC739F9DD94D}.Release|Any CPU.ActiveCfg = Release|Any CPU
		{433229AF-87D9-4014-B145-DC739F9DD94D}.Release|Any CPU.Build.0 = Release|Any CPU
		{2D5C573A-F836-44EA-BE6F-519F7394A9C5}.Debug|Any CPU.ActiveCfg = Debug|Any CPU
		{2D5C573A-F836-44EA-BE6F-519F7394A9C5}.Debug|Any CPU.Build.0 = Debug|Any CPU
		{2D5C573A-F836-44EA-BE6F-519F7394A9C5}.Release|Any CPU.ActiveCfg = Release|Any CPU
		{2D5C573A-F836-44EA-BE6F-519F7394A9C5}.Release|Any CPU.Build.0 = Release|Any CPU
		{334A0FDA-B669-4B0C-82D5-848184D6C21A}.Debug|Any CPU.ActiveCfg = Debug|Any CPU
		{334A0FDA-B669-4B0C-82D5-848184D6C21A}.Debug|Any CPU.Build.0 = Debug|Any CPU
		{334A0FDA-B669-4B0C-82D5-848184D6C21A}.Release|Any CPU.ActiveCfg = Release|Any CPU
		{334A0FDA-B669-4B0C-82D5-848184D6C21A}.Release|Any CPU.Build.0 = Release|Any CPU
		{325051FF-1156-4948-9AC6-7DA69A12D72F}.Debug|Any CPU.ActiveCfg = Debug|Any CPU
		{325051FF-1156-4948-9AC6-7DA69A12D72F}.Debug|Any CPU.Build.0 = Debug|Any CPU
		{325051FF-1156-4948-9AC6-7DA69A12D72F}.Release|Any CPU.ActiveCfg = Release|Any CPU
		{325051FF-1156-4948-9AC6-7DA69A12D72F}.Release|Any CPU.Build.0 = Release|Any CPU
		{35B2FBF6-C92A-417D-B324-3DD2FFD91FE0}.Debug|Any CPU.ActiveCfg = Debug|Any CPU
		{35B2FBF6-C92A-417D-B324-3DD2FFD91FE0}.Debug|Any CPU.Build.0 = Debug|Any CPU
		{35B2FBF6-C92A-417D-B324-3DD2FFD91FE0}.Release|Any CPU.ActiveCfg = Release|Any CPU
		{35B2FBF6-C92A-417D-B324-3DD2FFD91FE0}.Release|Any CPU.Build.0 = Release|Any CPU
		{F6675B75-AA1F-477F-BE26-84E6602E5F0C}.Debug|Any CPU.ActiveCfg = Debug|Any CPU
		{F6675B75-AA1F-477F-BE26-84E6602E5F0C}.Debug|Any CPU.Build.0 = Debug|Any CPU
		{F6675B75-AA1F-477F-BE26-84E6602E5F0C}.Release|Any CPU.ActiveCfg = Release|Any CPU
		{F6675B75-AA1F-477F-BE26-84E6602E5F0C}.Release|Any CPU.Build.0 = Release|Any CPU
		{B1B099D1-9EB9-4817-ACDA-EEB43275C9BF}.Debug|Any CPU.ActiveCfg = Debug|Any CPU
		{B1B099D1-9EB9-4817-ACDA-EEB43275C9BF}.Debug|Any CPU.Build.0 = Debug|Any CPU
		{B1B099D1-9EB9-4817-ACDA-EEB43275C9BF}.Release|Any CPU.ActiveCfg = Release|Any CPU
		{B1B099D1-9EB9-4817-ACDA-EEB43275C9BF}.Release|Any CPU.Build.0 = Release|Any CPU
		{4379CAEE-420C-4017-95C1-3DBC12981622}.Debug|Any CPU.ActiveCfg = Debug|Any CPU
		{4379CAEE-420C-4017-95C1-3DBC12981622}.Debug|Any CPU.Build.0 = Debug|Any CPU
		{4379CAEE-420C-4017-95C1-3DBC12981622}.Release|Any CPU.ActiveCfg = Release|Any CPU
		{4379CAEE-420C-4017-95C1-3DBC12981622}.Release|Any CPU.Build.0 = Release|Any CPU
		{1436825A-14E8-43F3-A4F4-DB70EA4BB79A}.Debug|Any CPU.ActiveCfg = Debug|Any CPU
		{1436825A-14E8-43F3-A4F4-DB70EA4BB79A}.Debug|Any CPU.Build.0 = Debug|Any CPU
		{1436825A-14E8-43F3-A4F4-DB70EA4BB79A}.Release|Any CPU.ActiveCfg = Release|Any CPU
		{1436825A-14E8-43F3-A4F4-DB70EA4BB79A}.Release|Any CPU.Build.0 = Release|Any CPU
		{1BBC8876-30BB-4108-8AA9-DB680C93331B}.Debug|Any CPU.ActiveCfg = Debug|Any CPU
		{1BBC8876-30BB-4108-8AA9-DB680C93331B}.Debug|Any CPU.Build.0 = Debug|Any CPU
		{1BBC8876-30BB-4108-8AA9-DB680C93331B}.Release|Any CPU.ActiveCfg = Release|Any CPU
		{1BBC8876-30BB-4108-8AA9-DB680C93331B}.Release|Any CPU.Build.0 = Release|Any CPU
		{80F3D146-7751-4E48-AA23-1253F97DADA9}.Debug|Any CPU.ActiveCfg = Debug|Any CPU
		{80F3D146-7751-4E48-AA23-1253F97DADA9}.Debug|Any CPU.Build.0 = Debug|Any CPU
		{80F3D146-7751-4E48-AA23-1253F97DADA9}.Release|Any CPU.ActiveCfg = Release|Any CPU
		{80F3D146-7751-4E48-AA23-1253F97DADA9}.Release|Any CPU.Build.0 = Release|Any CPU
		{B3838486-C791-436A-9FFE-505271CE7E1C}.Debug|Any CPU.ActiveCfg = Debug|Any CPU
		{B3838486-C791-436A-9FFE-505271CE7E1C}.Debug|Any CPU.Build.0 = Debug|Any CPU
		{B3838486-C791-436A-9FFE-505271CE7E1C}.Release|Any CPU.ActiveCfg = Release|Any CPU
		{B3838486-C791-436A-9FFE-505271CE7E1C}.Release|Any CPU.Build.0 = Release|Any CPU
		{F2D37283-1DB2-4837-AAB7-C0C853BF0509}.Debug|Any CPU.ActiveCfg = Debug|Any CPU
		{F2D37283-1DB2-4837-AAB7-C0C853BF0509}.Debug|Any CPU.Build.0 = Debug|Any CPU
		{F2D37283-1DB2-4837-AAB7-C0C853BF0509}.Release|Any CPU.ActiveCfg = Release|Any CPU
		{F2D37283-1DB2-4837-AAB7-C0C853BF0509}.Release|Any CPU.Build.0 = Release|Any CPU
		{89255ED0-C939-40BA-B91A-EC05FBC60D52}.Debug|Any CPU.ActiveCfg = Debug|Any CPU
		{89255ED0-C939-40BA-B91A-EC05FBC60D52}.Debug|Any CPU.Build.0 = Debug|Any CPU
		{89255ED0-C939-40BA-B91A-EC05FBC60D52}.Release|Any CPU.ActiveCfg = Release|Any CPU
		{89255ED0-C939-40BA-B91A-EC05FBC60D52}.Release|Any CPU.Build.0 = Release|Any CPU
		{976CED71-11EF-438E-AB81-C1C7BF90F70E}.Debug|Any CPU.ActiveCfg = Debug|Any CPU
		{976CED71-11EF-438E-AB81-C1C7BF90F70E}.Debug|Any CPU.Build.0 = Debug|Any CPU
		{976CED71-11EF-438E-AB81-C1C7BF90F70E}.Release|Any CPU.ActiveCfg = Release|Any CPU
		{976CED71-11EF-438E-AB81-C1C7BF90F70E}.Release|Any CPU.Build.0 = Release|Any CPU
		{DAA029DD-7A5F-47DF-8967-2CFC638FE43E}.Debug|Any CPU.ActiveCfg = Debug|Any CPU
		{DAA029DD-7A5F-47DF-8967-2CFC638FE43E}.Debug|Any CPU.Build.0 = Debug|Any CPU
		{DAA029DD-7A5F-47DF-8967-2CFC638FE43E}.Release|Any CPU.ActiveCfg = Release|Any CPU
		{DAA029DD-7A5F-47DF-8967-2CFC638FE43E}.Release|Any CPU.Build.0 = Release|Any CPU
		{03C52301-5763-43A6-9124-B2BF3F6460B0}.Debug|Any CPU.ActiveCfg = Debug|Any CPU
		{03C52301-5763-43A6-9124-B2BF3F6460B0}.Debug|Any CPU.Build.0 = Debug|Any CPU
		{03C52301-5763-43A6-9124-B2BF3F6460B0}.Release|Any CPU.ActiveCfg = Release|Any CPU
		{03C52301-5763-43A6-9124-B2BF3F6460B0}.Release|Any CPU.Build.0 = Release|Any CPU
		{795CC236-F431-4BEA-866D-CF44C42832EB}.Debug|Any CPU.ActiveCfg = Debug|Any CPU
		{795CC236-F431-4BEA-866D-CF44C42832EB}.Debug|Any CPU.Build.0 = Debug|Any CPU
		{795CC236-F431-4BEA-866D-CF44C42832EB}.Release|Any CPU.ActiveCfg = Release|Any CPU
		{795CC236-F431-4BEA-866D-CF44C42832EB}.Release|Any CPU.Build.0 = Release|Any CPU
		{FA9F6D85-3FEB-4F54-8C55-15EE457D7851}.Debug|Any CPU.ActiveCfg = Debug|Any CPU
		{FA9F6D85-3FEB-4F54-8C55-15EE457D7851}.Debug|Any CPU.Build.0 = Debug|Any CPU
		{FA9F6D85-3FEB-4F54-8C55-15EE457D7851}.Release|Any CPU.ActiveCfg = Release|Any CPU
		{FA9F6D85-3FEB-4F54-8C55-15EE457D7851}.Release|Any CPU.Build.0 = Release|Any CPU
		{43241BA3-61C3-47B9-899F-630E913A125D}.Debug|Any CPU.ActiveCfg = Debug|Any CPU
		{43241BA3-61C3-47B9-899F-630E913A125D}.Debug|Any CPU.Build.0 = Debug|Any CPU
		{43241BA3-61C3-47B9-899F-630E913A125D}.Release|Any CPU.ActiveCfg = Release|Any CPU
		{43241BA3-61C3-47B9-899F-630E913A125D}.Release|Any CPU.Build.0 = Release|Any CPU
		{141B5773-096A-4295-82AA-A74BC111E2C2}.Debug|Any CPU.ActiveCfg = Debug|Any CPU
		{141B5773-096A-4295-82AA-A74BC111E2C2}.Debug|Any CPU.Build.0 = Debug|Any CPU
		{141B5773-096A-4295-82AA-A74BC111E2C2}.Release|Any CPU.ActiveCfg = Release|Any CPU
		{141B5773-096A-4295-82AA-A74BC111E2C2}.Release|Any CPU.Build.0 = Release|Any CPU
		{CD597F15-F458-4E4C-98FE-390488A31211}.Debug|Any CPU.ActiveCfg = Debug|Any CPU
		{CD597F15-F458-4E4C-98FE-390488A31211}.Debug|Any CPU.Build.0 = Debug|Any CPU
		{CD597F15-F458-4E4C-98FE-390488A31211}.Release|Any CPU.ActiveCfg = Release|Any CPU
		{CD597F15-F458-4E4C-98FE-390488A31211}.Release|Any CPU.Build.0 = Release|Any CPU
		{B057F78D-E5A8-491A-98C9-FB8FEC3EC849}.Debug|Any CPU.ActiveCfg = Debug|Any CPU
		{B057F78D-E5A8-491A-98C9-FB8FEC3EC849}.Debug|Any CPU.Build.0 = Debug|Any CPU
		{B057F78D-E5A8-491A-98C9-FB8FEC3EC849}.Release|Any CPU.ActiveCfg = Release|Any CPU
		{B057F78D-E5A8-491A-98C9-FB8FEC3EC849}.Release|Any CPU.Build.0 = Release|Any CPU
		{7130D9B4-0E0F-434E-AC9E-0157CA1D0830}.Debug|Any CPU.ActiveCfg = Debug|Any CPU
		{7130D9B4-0E0F-434E-AC9E-0157CA1D0830}.Debug|Any CPU.Build.0 = Debug|Any CPU
		{7130D9B4-0E0F-434E-AC9E-0157CA1D0830}.Release|Any CPU.ActiveCfg = Release|Any CPU
		{7130D9B4-0E0F-434E-AC9E-0157CA1D0830}.Release|Any CPU.Build.0 = Release|Any CPU
		{81C789F6-7938-4B35-B377-AD17E49559CC}.Debug|Any CPU.ActiveCfg = Debug|Any CPU
		{81C789F6-7938-4B35-B377-AD17E49559CC}.Debug|Any CPU.Build.0 = Debug|Any CPU
		{81C789F6-7938-4B35-B377-AD17E49559CC}.Release|Any CPU.ActiveCfg = Release|Any CPU
		{81C789F6-7938-4B35-B377-AD17E49559CC}.Release|Any CPU.Build.0 = Release|Any CPU
		{5A5D3ED8-2623-4042-B489-9EBC15E10AD6}.Debug|Any CPU.ActiveCfg = Debug|Any CPU
		{5A5D3ED8-2623-4042-B489-9EBC15E10AD6}.Debug|Any CPU.Build.0 = Debug|Any CPU
		{5A5D3ED8-2623-4042-B489-9EBC15E10AD6}.Release|Any CPU.ActiveCfg = Release|Any CPU
		{5A5D3ED8-2623-4042-B489-9EBC15E10AD6}.Release|Any CPU.Build.0 = Release|Any CPU
		{8827B256-19C7-49AF-BA55-A17CD1149460}.Debug|Any CPU.ActiveCfg = Debug|Any CPU
		{8827B256-19C7-49AF-BA55-A17CD1149460}.Debug|Any CPU.Build.0 = Debug|Any CPU
		{8827B256-19C7-49AF-BA55-A17CD1149460}.Release|Any CPU.ActiveCfg = Release|Any CPU
		{8827B256-19C7-49AF-BA55-A17CD1149460}.Release|Any CPU.Build.0 = Release|Any CPU
		{9B037F28-5D91-4EF4-BAFB-F6571A3EB5EA}.Debug|Any CPU.ActiveCfg = Debug|Any CPU
		{9B037F28-5D91-4EF4-BAFB-F6571A3EB5EA}.Debug|Any CPU.Build.0 = Debug|Any CPU
		{9B037F28-5D91-4EF4-BAFB-F6571A3EB5EA}.Release|Any CPU.ActiveCfg = Release|Any CPU
		{9B037F28-5D91-4EF4-BAFB-F6571A3EB5EA}.Release|Any CPU.Build.0 = Release|Any CPU
		{17B57221-DA0F-4685-A037-4FA93585517B}.Debug|Any CPU.ActiveCfg = Debug|Any CPU
		{17B57221-DA0F-4685-A037-4FA93585517B}.Debug|Any CPU.Build.0 = Debug|Any CPU
		{17B57221-DA0F-4685-A037-4FA93585517B}.Release|Any CPU.ActiveCfg = Release|Any CPU
		{17B57221-DA0F-4685-A037-4FA93585517B}.Release|Any CPU.Build.0 = Release|Any CPU
		{FDA14C96-ED8B-4000-985A-3D3511B62AB5}.Debug|Any CPU.ActiveCfg = Debug|Any CPU
		{FDA14C96-ED8B-4000-985A-3D3511B62AB5}.Debug|Any CPU.Build.0 = Debug|Any CPU
		{FDA14C96-ED8B-4000-985A-3D3511B62AB5}.Release|Any CPU.ActiveCfg = Release|Any CPU
		{FDA14C96-ED8B-4000-985A-3D3511B62AB5}.Release|Any CPU.Build.0 = Release|Any CPU
		{E13DDCAF-CBA5-4752-B17C-DDA0FCE68491}.Debug|Any CPU.ActiveCfg = Debug|Any CPU
		{E13DDCAF-CBA5-4752-B17C-DDA0FCE68491}.Debug|Any CPU.Build.0 = Debug|Any CPU
		{E13DDCAF-CBA5-4752-B17C-DDA0FCE68491}.Release|Any CPU.ActiveCfg = Release|Any CPU
		{E13DDCAF-CBA5-4752-B17C-DDA0FCE68491}.Release|Any CPU.Build.0 = Release|Any CPU
		{D9A4AA7C-DC95-4100-9370-BA9E47AA0432}.Debug|Any CPU.ActiveCfg = Debug|Any CPU
		{D9A4AA7C-DC95-4100-9370-BA9E47AA0432}.Debug|Any CPU.Build.0 = Debug|Any CPU
		{D9A4AA7C-DC95-4100-9370-BA9E47AA0432}.Release|Any CPU.ActiveCfg = Release|Any CPU
		{D9A4AA7C-DC95-4100-9370-BA9E47AA0432}.Release|Any CPU.Build.0 = Release|Any CPU
		{E44DAA89-411E-4807-9AA6-DEA13A9E9A34}.Debug|Any CPU.ActiveCfg = Debug|Any CPU
		{E44DAA89-411E-4807-9AA6-DEA13A9E9A34}.Debug|Any CPU.Build.0 = Debug|Any CPU
		{E44DAA89-411E-4807-9AA6-DEA13A9E9A34}.Release|Any CPU.ActiveCfg = Release|Any CPU
		{E44DAA89-411E-4807-9AA6-DEA13A9E9A34}.Release|Any CPU.Build.0 = Release|Any CPU
		{621E01E6-DE85-47E4-877A-48457DA1B831}.Debug|Any CPU.ActiveCfg = Debug|Any CPU
		{621E01E6-DE85-47E4-877A-48457DA1B831}.Debug|Any CPU.Build.0 = Debug|Any CPU
		{621E01E6-DE85-47E4-877A-48457DA1B831}.Release|Any CPU.ActiveCfg = Release|Any CPU
		{621E01E6-DE85-47E4-877A-48457DA1B831}.Release|Any CPU.Build.0 = Release|Any CPU
		{BFD6ABF1-8446-4761-AE09-F4B06D70EB8B}.Debug|Any CPU.ActiveCfg = Debug|Any CPU
		{BFD6ABF1-8446-4761-AE09-F4B06D70EB8B}.Debug|Any CPU.Build.0 = Debug|Any CPU
		{BFD6ABF1-8446-4761-AE09-F4B06D70EB8B}.Release|Any CPU.ActiveCfg = Release|Any CPU
		{BFD6ABF1-8446-4761-AE09-F4B06D70EB8B}.Release|Any CPU.Build.0 = Release|Any CPU
		{B21674E4-4544-4D26-AA94-782C8400EBDE}.Debug|Any CPU.ActiveCfg = Debug|Any CPU
		{B21674E4-4544-4D26-AA94-782C8400EBDE}.Debug|Any CPU.Build.0 = Debug|Any CPU
		{B21674E4-4544-4D26-AA94-782C8400EBDE}.Release|Any CPU.ActiveCfg = Release|Any CPU
		{B21674E4-4544-4D26-AA94-782C8400EBDE}.Release|Any CPU.Build.0 = Release|Any CPU
		{566D1B49-7848-47F9-8868-3ED9D2450233}.Debug|Any CPU.ActiveCfg = Debug|Any CPU
		{566D1B49-7848-47F9-8868-3ED9D2450233}.Debug|Any CPU.Build.0 = Debug|Any CPU
		{566D1B49-7848-47F9-8868-3ED9D2450233}.Release|Any CPU.ActiveCfg = Release|Any CPU
		{566D1B49-7848-47F9-8868-3ED9D2450233}.Release|Any CPU.Build.0 = Release|Any CPU
		{624E7EBB-B830-4B4A-9551-63DD1E68E479}.Debug|Any CPU.ActiveCfg = Debug|Any CPU
		{624E7EBB-B830-4B4A-9551-63DD1E68E479}.Debug|Any CPU.Build.0 = Debug|Any CPU
		{624E7EBB-B830-4B4A-9551-63DD1E68E479}.Release|Any CPU.ActiveCfg = Release|Any CPU
		{624E7EBB-B830-4B4A-9551-63DD1E68E479}.Release|Any CPU.Build.0 = Release|Any CPU
		{947A38E7-10C0-4D96-9D1E-B2C3076B3C69}.Debug|Any CPU.ActiveCfg = Debug|Any CPU
		{947A38E7-10C0-4D96-9D1E-B2C3076B3C69}.Debug|Any CPU.Build.0 = Debug|Any CPU
		{947A38E7-10C0-4D96-9D1E-B2C3076B3C69}.Release|Any CPU.ActiveCfg = Release|Any CPU
		{947A38E7-10C0-4D96-9D1E-B2C3076B3C69}.Release|Any CPU.Build.0 = Release|Any CPU
		{BDD5571B-D000-4174-93BA-E7938FBA5E76}.Debug|Any CPU.ActiveCfg = Debug|Any CPU
		{BDD5571B-D000-4174-93BA-E7938FBA5E76}.Debug|Any CPU.Build.0 = Debug|Any CPU
		{BDD5571B-D000-4174-93BA-E7938FBA5E76}.Release|Any CPU.ActiveCfg = Release|Any CPU
		{BDD5571B-D000-4174-93BA-E7938FBA5E76}.Release|Any CPU.Build.0 = Release|Any CPU
		{5AB826B3-F1CE-4A68-A28B-7971A05317FE}.Debug|Any CPU.ActiveCfg = Debug|Any CPU
		{5AB826B3-F1CE-4A68-A28B-7971A05317FE}.Debug|Any CPU.Build.0 = Debug|Any CPU
		{5AB826B3-F1CE-4A68-A28B-7971A05317FE}.Release|Any CPU.ActiveCfg = Release|Any CPU
		{5AB826B3-F1CE-4A68-A28B-7971A05317FE}.Release|Any CPU.Build.0 = Release|Any CPU
		{29C429AE-E01B-4B3B-BFA5-6350C00D49DA}.Debug|Any CPU.ActiveCfg = Debug|Any CPU
		{29C429AE-E01B-4B3B-BFA5-6350C00D49DA}.Debug|Any CPU.Build.0 = Debug|Any CPU
		{29C429AE-E01B-4B3B-BFA5-6350C00D49DA}.Release|Any CPU.ActiveCfg = Release|Any CPU
		{29C429AE-E01B-4B3B-BFA5-6350C00D49DA}.Release|Any CPU.Build.0 = Release|Any CPU
		{0C7F3692-C32B-4007-95FF-AFB078E0110F}.Debug|Any CPU.ActiveCfg = Debug|Any CPU
		{0C7F3692-C32B-4007-95FF-AFB078E0110F}.Debug|Any CPU.Build.0 = Debug|Any CPU
		{0C7F3692-C32B-4007-95FF-AFB078E0110F}.Release|Any CPU.ActiveCfg = Release|Any CPU
		{0C7F3692-C32B-4007-95FF-AFB078E0110F}.Release|Any CPU.Build.0 = Release|Any CPU
		{7C081568-70C3-46E3-86E6-E3A1FF540FF0}.Debug|Any CPU.ActiveCfg = Debug|Any CPU
		{7C081568-70C3-46E3-86E6-E3A1FF540FF0}.Debug|Any CPU.Build.0 = Debug|Any CPU
		{7C081568-70C3-46E3-86E6-E3A1FF540FF0}.Release|Any CPU.ActiveCfg = Release|Any CPU
		{7C081568-70C3-46E3-86E6-E3A1FF540FF0}.Release|Any CPU.Build.0 = Release|Any CPU
		{724818B6-332C-47BC-A7A0-71F7A712459F}.Debug|Any CPU.ActiveCfg = Debug|Any CPU
		{724818B6-332C-47BC-A7A0-71F7A712459F}.Debug|Any CPU.Build.0 = Debug|Any CPU
		{724818B6-332C-47BC-A7A0-71F7A712459F}.Release|Any CPU.ActiveCfg = Release|Any CPU
		{724818B6-332C-47BC-A7A0-71F7A712459F}.Release|Any CPU.Build.0 = Release|Any CPU
		{7910F1DA-6D2E-4CCF-A1CC-81699DCD4737}.Debug|Any CPU.ActiveCfg = Debug|Any CPU
		{7910F1DA-6D2E-4CCF-A1CC-81699DCD4737}.Debug|Any CPU.Build.0 = Debug|Any CPU
		{7910F1DA-6D2E-4CCF-A1CC-81699DCD4737}.Release|Any CPU.ActiveCfg = Release|Any CPU
		{7910F1DA-6D2E-4CCF-A1CC-81699DCD4737}.Release|Any CPU.Build.0 = Release|Any CPU
		{A302290B-C2F1-41A1-A160-1400FBBBB3AB}.Debug|Any CPU.ActiveCfg = Debug|Any CPU
		{A302290B-C2F1-41A1-A160-1400FBBBB3AB}.Debug|Any CPU.Build.0 = Debug|Any CPU
		{A302290B-C2F1-41A1-A160-1400FBBBB3AB}.Release|Any CPU.ActiveCfg = Release|Any CPU
		{A302290B-C2F1-41A1-A160-1400FBBBB3AB}.Release|Any CPU.Build.0 = Release|Any CPU
		{8938426D-393C-4B18-A973-DA765F16120E}.Debug|Any CPU.ActiveCfg = Debug|Any CPU
		{8938426D-393C-4B18-A973-DA765F16120E}.Debug|Any CPU.Build.0 = Debug|Any CPU
		{8938426D-393C-4B18-A973-DA765F16120E}.Release|Any CPU.ActiveCfg = Release|Any CPU
		{8938426D-393C-4B18-A973-DA765F16120E}.Release|Any CPU.Build.0 = Release|Any CPU
		{97317B2D-0585-4C60-9C32-4F18DF19DBC5}.Debug|Any CPU.ActiveCfg = Debug|Any CPU
		{97317B2D-0585-4C60-9C32-4F18DF19DBC5}.Debug|Any CPU.Build.0 = Debug|Any CPU
		{97317B2D-0585-4C60-9C32-4F18DF19DBC5}.Release|Any CPU.ActiveCfg = Release|Any CPU
		{97317B2D-0585-4C60-9C32-4F18DF19DBC5}.Release|Any CPU.Build.0 = Release|Any CPU
		{529A0049-13AC-4C30-A621-D3708EA3ECC0}.Debug|Any CPU.ActiveCfg = Debug|Any CPU
		{529A0049-13AC-4C30-A621-D3708EA3ECC0}.Debug|Any CPU.Build.0 = Debug|Any CPU
		{529A0049-13AC-4C30-A621-D3708EA3ECC0}.Release|Any CPU.ActiveCfg = Release|Any CPU
		{529A0049-13AC-4C30-A621-D3708EA3ECC0}.Release|Any CPU.Build.0 = Release|Any CPU
		{EFB609BF-CAD0-4866-A896-ECEC1B1073E9}.Debug|Any CPU.ActiveCfg = Debug|Any CPU
		{EFB609BF-CAD0-4866-A896-ECEC1B1073E9}.Debug|Any CPU.Build.0 = Debug|Any CPU
		{EFB609BF-CAD0-4866-A896-ECEC1B1073E9}.Release|Any CPU.ActiveCfg = Release|Any CPU
		{EFB609BF-CAD0-4866-A896-ECEC1B1073E9}.Release|Any CPU.Build.0 = Release|Any CPU
		{0AAC25F4-7FD6-4937-87BE-B69162AB5704}.Debug|Any CPU.ActiveCfg = Debug|Any CPU
		{0AAC25F4-7FD6-4937-87BE-B69162AB5704}.Debug|Any CPU.Build.0 = Debug|Any CPU
		{0AAC25F4-7FD6-4937-87BE-B69162AB5704}.Release|Any CPU.ActiveCfg = Release|Any CPU
		{0AAC25F4-7FD6-4937-87BE-B69162AB5704}.Release|Any CPU.Build.0 = Release|Any CPU
		{4B6D3EE7-0DCC-4BA3-B79F-086723B28E14}.Debug|Any CPU.ActiveCfg = Debug|Any CPU
		{4B6D3EE7-0DCC-4BA3-B79F-086723B28E14}.Debug|Any CPU.Build.0 = Debug|Any CPU
		{4B6D3EE7-0DCC-4BA3-B79F-086723B28E14}.Release|Any CPU.ActiveCfg = Release|Any CPU
		{4B6D3EE7-0DCC-4BA3-B79F-086723B28E14}.Release|Any CPU.Build.0 = Release|Any CPU
		{A038AF07-44F1-4452-9362-08174D9EC25B}.Debug|Any CPU.ActiveCfg = Debug|Any CPU
		{A038AF07-44F1-4452-9362-08174D9EC25B}.Debug|Any CPU.Build.0 = Debug|Any CPU
		{A038AF07-44F1-4452-9362-08174D9EC25B}.Release|Any CPU.ActiveCfg = Release|Any CPU
		{A038AF07-44F1-4452-9362-08174D9EC25B}.Release|Any CPU.Build.0 = Release|Any CPU
	EndGlobalSection
	GlobalSection(SolutionProperties) = preSolution
		HideSolutionNode = FALSE
	EndGlobalSection
	GlobalSection(NestedProjects) = preSolution
		{FBCA3991-D13E-4C63-AD91-19F7EC8B4917} = {8CC36201-4CEA-450A-A5A4-B4D4CDC82E2C}
		{0ED3E3FD-17EF-421F-9180-83EA225192C8} = {8CC36201-4CEA-450A-A5A4-B4D4CDC82E2C}
		{BF69E052-F729-4CD8-9865-027B6FF02697} = {944DD798-E2C5-411C-AC7C-70900B8601C3}
		{8DE3D934-0ED6-4F33-8D07-E4ADAF8146F5} = {E841C714-0E45-4A46-BBAC-3897C2BC7674}
		{5FB8AF92-189A-4B19-B882-D443F42FAABA} = {E841C714-0E45-4A46-BBAC-3897C2BC7674}
		{49BF7F68-9EA7-42A4-A4B9-02649B7B9CFB} = {E841C714-0E45-4A46-BBAC-3897C2BC7674}
		{79E434B2-6889-43DE-A4DF-6C4CFD386BCE} = {E841C714-0E45-4A46-BBAC-3897C2BC7674}
		{433229AF-87D9-4014-B145-DC739F9DD94D} = {E841C714-0E45-4A46-BBAC-3897C2BC7674}
		{2D5C573A-F836-44EA-BE6F-519F7394A9C5} = {E841C714-0E45-4A46-BBAC-3897C2BC7674}
		{334A0FDA-B669-4B0C-82D5-848184D6C21A} = {E841C714-0E45-4A46-BBAC-3897C2BC7674}
		{325051FF-1156-4948-9AC6-7DA69A12D72F} = {E841C714-0E45-4A46-BBAC-3897C2BC7674}
		{35B2FBF6-C92A-417D-B324-3DD2FFD91FE0} = {E841C714-0E45-4A46-BBAC-3897C2BC7674}
		{F6675B75-AA1F-477F-BE26-84E6602E5F0C} = {E841C714-0E45-4A46-BBAC-3897C2BC7674}
		{B1B099D1-9EB9-4817-ACDA-EEB43275C9BF} = {E841C714-0E45-4A46-BBAC-3897C2BC7674}
		{4379CAEE-420C-4017-95C1-3DBC12981622} = {E841C714-0E45-4A46-BBAC-3897C2BC7674}
		{1436825A-14E8-43F3-A4F4-DB70EA4BB79A} = {E841C714-0E45-4A46-BBAC-3897C2BC7674}
		{1BBC8876-30BB-4108-8AA9-DB680C93331B} = {E841C714-0E45-4A46-BBAC-3897C2BC7674}
		{80F3D146-7751-4E48-AA23-1253F97DADA9} = {E841C714-0E45-4A46-BBAC-3897C2BC7674}
		{B3838486-C791-436A-9FFE-505271CE7E1C} = {E841C714-0E45-4A46-BBAC-3897C2BC7674}
		{F2D37283-1DB2-4837-AAB7-C0C853BF0509} = {E841C714-0E45-4A46-BBAC-3897C2BC7674}
		{89255ED0-C939-40BA-B91A-EC05FBC60D52} = {E841C714-0E45-4A46-BBAC-3897C2BC7674}
		{976CED71-11EF-438E-AB81-C1C7BF90F70E} = {E841C714-0E45-4A46-BBAC-3897C2BC7674}
		{DAA029DD-7A5F-47DF-8967-2CFC638FE43E} = {E841C714-0E45-4A46-BBAC-3897C2BC7674}
		{03C52301-5763-43A6-9124-B2BF3F6460B0} = {F51F0700-4E3C-4489-8DF8-B1AE954E53F3}
		{795CC236-F431-4BEA-866D-CF44C42832EB} = {F51F0700-4E3C-4489-8DF8-B1AE954E53F3}
		{FA9F6D85-3FEB-4F54-8C55-15EE457D7851} = {F51F0700-4E3C-4489-8DF8-B1AE954E53F3}
		{43241BA3-61C3-47B9-899F-630E913A125D} = {F51F0700-4E3C-4489-8DF8-B1AE954E53F3}
		{141B5773-096A-4295-82AA-A74BC111E2C2} = {F51F0700-4E3C-4489-8DF8-B1AE954E53F3}
		{CD597F15-F458-4E4C-98FE-390488A31211} = {F51F0700-4E3C-4489-8DF8-B1AE954E53F3}
		{B057F78D-E5A8-491A-98C9-FB8FEC3EC849} = {F51F0700-4E3C-4489-8DF8-B1AE954E53F3}
		{7130D9B4-0E0F-434E-AC9E-0157CA1D0830} = {F51F0700-4E3C-4489-8DF8-B1AE954E53F3}
		{81C789F6-7938-4B35-B377-AD17E49559CC} = {F51F0700-4E3C-4489-8DF8-B1AE954E53F3}
		{5A5D3ED8-2623-4042-B489-9EBC15E10AD6} = {F51F0700-4E3C-4489-8DF8-B1AE954E53F3}
		{8827B256-19C7-49AF-BA55-A17CD1149460} = {F51F0700-4E3C-4489-8DF8-B1AE954E53F3}
		{9B037F28-5D91-4EF4-BAFB-F6571A3EB5EA} = {F51F0700-4E3C-4489-8DF8-B1AE954E53F3}
		{663DED54-3BD6-43B8-80EE-30D4ABFB6187} = {25046309-7B1C-4254-9815-4E63ED8E20AB}
		{17B57221-DA0F-4685-A037-4FA93585517B} = {663DED54-3BD6-43B8-80EE-30D4ABFB6187}
		{FDA14C96-ED8B-4000-985A-3D3511B62AB5} = {663DED54-3BD6-43B8-80EE-30D4ABFB6187}
		{E13DDCAF-CBA5-4752-B17C-DDA0FCE68491} = {663DED54-3BD6-43B8-80EE-30D4ABFB6187}
		{D9A4AA7C-DC95-4100-9370-BA9E47AA0432} = {663DED54-3BD6-43B8-80EE-30D4ABFB6187}
		{E44DAA89-411E-4807-9AA6-DEA13A9E9A34} = {663DED54-3BD6-43B8-80EE-30D4ABFB6187}
		{621E01E6-DE85-47E4-877A-48457DA1B831} = {663DED54-3BD6-43B8-80EE-30D4ABFB6187}
		{BFD6ABF1-8446-4761-AE09-F4B06D70EB8B} = {663DED54-3BD6-43B8-80EE-30D4ABFB6187}
		{EA8F95E9-C5CC-4BA3-AA8B-42BDC9A14A13} = {25046309-7B1C-4254-9815-4E63ED8E20AB}
		{B21674E4-4544-4D26-AA94-782C8400EBDE} = {EA8F95E9-C5CC-4BA3-AA8B-42BDC9A14A13}
		{566D1B49-7848-47F9-8868-3ED9D2450233} = {EA8F95E9-C5CC-4BA3-AA8B-42BDC9A14A13}
		{624E7EBB-B830-4B4A-9551-63DD1E68E479} = {EA8F95E9-C5CC-4BA3-AA8B-42BDC9A14A13}
		{947A38E7-10C0-4D96-9D1E-B2C3076B3C69} = {EA8F95E9-C5CC-4BA3-AA8B-42BDC9A14A13}
		{BDD5571B-D000-4174-93BA-E7938FBA5E76} = {EA8F95E9-C5CC-4BA3-AA8B-42BDC9A14A13}
		{5AB826B3-F1CE-4A68-A28B-7971A05317FE} = {EA8F95E9-C5CC-4BA3-AA8B-42BDC9A14A13}
		{29C429AE-E01B-4B3B-BFA5-6350C00D49DA} = {EA8F95E9-C5CC-4BA3-AA8B-42BDC9A14A13}
		{84DDED07-429D-474E-986B-565CA1523CE0} = {25046309-7B1C-4254-9815-4E63ED8E20AB}
		{0C7F3692-C32B-4007-95FF-AFB078E0110F} = {84DDED07-429D-474E-986B-565CA1523CE0}
		{7C081568-70C3-46E3-86E6-E3A1FF540FF0} = {84DDED07-429D-474E-986B-565CA1523CE0}
		{724818B6-332C-47BC-A7A0-71F7A712459F} = {84DDED07-429D-474E-986B-565CA1523CE0}
		{7910F1DA-6D2E-4CCF-A1CC-81699DCD4737} = {84DDED07-429D-474E-986B-565CA1523CE0}
		{A302290B-C2F1-41A1-A160-1400FBBBB3AB} = {84DDED07-429D-474E-986B-565CA1523CE0}
		{8938426D-393C-4B18-A973-DA765F16120E} = {84DDED07-429D-474E-986B-565CA1523CE0}
		{72F1CD42-4269-4209-9DE3-324085A06D78} = {25046309-7B1C-4254-9815-4E63ED8E20AB}
		{97317B2D-0585-4C60-9C32-4F18DF19DBC5} = {72F1CD42-4269-4209-9DE3-324085A06D78}
		{1F9DCDFE-DF32-4F84-B776-C3831E95D53F} = {25046309-7B1C-4254-9815-4E63ED8E20AB}
		{529A0049-13AC-4C30-A621-D3708EA3ECC0} = {1F9DCDFE-DF32-4F84-B776-C3831E95D53F}
		{EFB609BF-CAD0-4866-A896-ECEC1B1073E9} = {1F9DCDFE-DF32-4F84-B776-C3831E95D53F}
		{0AAC25F4-7FD6-4937-87BE-B69162AB5704} = {1F9DCDFE-DF32-4F84-B776-C3831E95D53F}
		{4B6D3EE7-0DCC-4BA3-B79F-086723B28E14} = {1F9DCDFE-DF32-4F84-B776-C3831E95D53F}
		{A038AF07-44F1-4452-9362-08174D9EC25B} = {1F9DCDFE-DF32-4F84-B776-C3831E95D53F}
	EndGlobalSection
	GlobalSection(ExtensibilityGlobals) = postSolution
		SolutionGuid = {BCDFD21E-1740-45C9-9A48-64008DE77320}
	EndGlobalSection
EndGlobal
