Microsoft Visual Studio Solution File, Format Version 12.00
# Visual Studio Version 17
VisualStudioVersion = 17.5.2.0
MinimumVisualStudioVersion = 10.0.40219.1
Project("{FAE04EC0-301F-11D3-BF4B-00C04F79EFBC}") = "AccountCreator", "AccountCreator.csproj", "{20031D5D-696D-D883-0D09-E2EC4F9D51C1}"
EndProject
Global
	GlobalSection(SolutionConfigurationPlatforms) = preSolution
		Debug|Any CPU = Debug|Any CPU
		Release|Any CPU = Release|Any CPU
	EndGlobalSection
	GlobalSection(ProjectConfigurationPlatforms) = postSolution
		{20031D5D-696D-D883-0D09-E2EC4F9D51C1}.Debug|Any CPU.ActiveCfg = Debug|Any CPU
		{20031D5D-696D-D883-0D09-E2EC4F9D51C1}.Debug|Any CPU.Build.0 = Debug|Any CPU
		{20031D5D-696D-D883-0D09-E2EC4F9D51C1}.Release|Any CPU.ActiveCfg = Release|Any CPU
		{20031D5D-696D-D883-0D09-E2EC4F9D51C1}.Release|Any CPU.Build.0 = Release|Any CPU
	EndGlobalSection
	GlobalSection(SolutionProperties) = preSolution
		HideSolutionNode = FALSE
	EndGlobalSection
	GlobalSection(ExtensibilityGlobals) = postSolution
		SolutionGuid = {DA12C843-80CA-4EC3-AC97-BB386C6E3407}
	EndGlobalSection
EndGlobal
