
Microsoft Visual Studio Solution File, Format Version 12.00
# Visual Studio Version 17
VisualStudioVersion = 17.5.002.0
MinimumVisualStudioVersion = 10.0.40219.1
Project("{9A19103F-16F7-4668-BE54-9A1E7A4F7556}") = "exercise1", "exercise1\exercise1.csproj", "{2F264A0E-4C5D-4723-96F8-E0F17E205F34}"
EndProject
Project("{9A19103F-16F7-4668-BE54-9A1E7A4F7556}") = "exercise2", "exercise2\exercise2.csproj", "{1F624FEC-2EC7-467E-9312-16CADFCCD659}"
EndProject
Project("{9A19103F-16F7-4668-BE54-9A1E7A4F7556}") = "exercise3", "exercise3\exercise3.csproj", "{AF8A533A-D821-42FF-BBEA-73499BF2A592}"
EndProject
Global
	GlobalSection(SolutionConfigurationPlatforms) = preSolution
		Debug|Any CPU = Debug|Any CPU
		Release|Any CPU = Release|Any CPU
	EndGlobalSection
	GlobalSection(ProjectConfigurationPlatforms) = postSolution
		{2F264A0E-4C5D-4723-96F8-E0F17E205F34}.Debug|Any CPU.ActiveCfg = Debug|Any CPU
		{2F264A0E-4C5D-4723-96F8-E0F17E205F34}.Debug|Any CPU.Build.0 = Debug|Any CPU
		{2F264A0E-4C5D-4723-96F8-E0F17E205F34}.Release|Any CPU.ActiveCfg = Release|Any CPU
		{2F264A0E-4C5D-4723-96F8-E0F17E205F34}.Release|Any CPU.Build.0 = Release|Any CPU
		{1F624FEC-2EC7-467E-9312-16CADFCCD659}.Debug|Any CPU.ActiveCfg = Debug|Any CPU
		{1F624FEC-2EC7-467E-9312-16CADFCCD659}.Debug|Any CPU.Build.0 = Debug|Any CPU
		{1F624FEC-2EC7-467E-9312-16CADFCCD659}.Release|Any CPU.ActiveCfg = Release|Any CPU
		{1F624FEC-2EC7-467E-9312-16CADFCCD659}.Release|Any CPU.Build.0 = Release|Any CPU
		{AF8A533A-D821-42FF-BBEA-73499BF2A592}.Debug|Any CPU.ActiveCfg = Debug|Any CPU
		{AF8A533A-D821-42FF-BBEA-73499BF2A592}.Debug|Any CPU.Build.0 = Debug|Any CPU
		{AF8A533A-D821-42FF-BBEA-73499BF2A592}.Release|Any CPU.ActiveCfg = Release|Any CPU
		{AF8A533A-D821-42FF-BBEA-73499BF2A592}.Release|Any CPU.Build.0 = Release|Any CPU
	EndGlobalSection
	GlobalSection(SolutionProperties) = preSolution
		HideSolutionNode = FALSE
	EndGlobalSection
	GlobalSection(ExtensibilityGlobals) = postSolution
		SolutionGuid = {678F0E34-A4E2-4FCC-8B05-EB50B5D4D682}
	EndGlobalSection
EndGlobal
