Microsoft Visual Studio Solution File, Format Version 12.00
# Visual Studio Version 17
VisualStudioVersion = 17.5.2.0
MinimumVisualStudioVersion = 10.0.40219.1
Project("{FAE04EC0-301F-11D3-BF4B-00C04F79EFBC}") = "BotellaLitro", "BotellaLitro.csproj", "{C2C2DBFB-E7AA-9223-9F0F-AAE09B0A9AD2}"
EndProject
Global
	GlobalSection(SolutionConfigurationPlatforms) = preSolution
		Debug|Any CPU = Debug|Any CPU
		Release|Any CPU = Release|Any CPU
	EndGlobalSection
	GlobalSection(ProjectConfigurationPlatforms) = postSolution
		{C2C2DBFB-E7AA-9223-9F0F-AAE09B0A9AD2}.Debug|Any CPU.ActiveCfg = Debug|Any CPU
		{C2C2DBFB-E7AA-9223-9F0F-AAE09B0A9AD2}.Debug|Any CPU.Build.0 = Debug|Any CPU
		{C2C2DBFB-E7AA-9223-9F0F-AAE09B0A9AD2}.Release|Any CPU.ActiveCfg = Release|Any CPU
		{C2C2DBFB-E7AA-9223-9F0F-AAE09B0A9AD2}.Release|Any CPU.Build.0 = Release|Any CPU
	EndGlobalSection
	GlobalSection(SolutionProperties) = preSolution
		HideSolutionNode = FALSE
	EndGlobalSection
	GlobalSection(ExtensibilityGlobals) = postSolution
		SolutionGuid = {8D224C2F-7657-4F0C-A22A-78C8C0EEC985}
	EndGlobalSection
EndGlobal
